{
  "version": "5",
  "redirects": {
    "https://esm.sh/@supabase/supabase-js@2": "https://esm.sh/@supabase/supabase-js@2.112.2"
  },
  "remote": {
    "https://esm.sh/@supabase/supabase-js@2.112.2": "ea8a8dc3bcfe3cd929a9f6f83a5c266ad3f9d8101c34f71d465dd73f7ff1b796"
  },
  "workspace": {
    "packageJson": {
      "dependencies": [
        "npm:prettier@^3.4.2",
        "npm:turbo@^2.3.3",
        "npm:typescript@^5.7.3"
      ]
    }
  }
}
